
Microsoft Visual Studio Solution File, Format Version 12.00
# Visual Studio Version 16
VisualStudioVersion = 16.0.30002.166
MinimumVisualStudioVersion = 10.0.40219.1
Project("{FAE04EC0-301F-11D3-BF4B-00C04F79EFBC}") = "AppVoice", "AppVoice.csproj", "{B6D7B47A-BED8-4B8C-B767-8AB3A61FE2B5}"
EndProject
Global
	GlobalSection(SolutionConfigurationPlatforms) = preSolution
		Debug|Any CPU = Debug|Any CPU
		Release|Any CPU = Release|Any CPU
	EndGlobalSection
	GlobalSection(ProjectConfigurationPlatforms) = postSolution
		{B6D7B47A-BED8-4B8C-B767-8AB3A61FE2B5}.Debug|Any CPU.ActiveCfg = Debug|Any CPU
		{B6D7B47A-BED8-4B8C-B767-8AB3A61FE2B5}.Debug|Any CPU.Build.0 = Debug|Any CPU
		{B6D7B47A-BED8-4B8C-B767-8AB3A61FE2B5}.Debug|Any CPU.Deploy.0 = Debug|Any CPU
		{B6D7B47A-BED8-4B8C-B767-8AB3A61FE2B5}.Release|Any CPU.ActiveCfg = Release|Any CPU
		{B6D7B47A-BED8-4B8C-B767-8AB3A61FE2B5}.Release|Any CPU.Build.0 = Release|Any CPU
		{B6D7B47A-BED8-4B8C-B767-8AB3A61FE2B5}.Release|Any CPU.Deploy.0 = Release|Any CPU
	EndGlobalSection
	GlobalSection(SolutionProperties) = preSolution
		HideSolutionNode = FALSE
	EndGlobalSection
	GlobalSection(ExtensibilityGlobals) = postSolution
		SolutionGuid = {3EF4773E-A362-45A5-AE13-79EC9E28D60B}
	EndGlobalSection
EndGlobal
